
Microsoft Visual Studio Solution File, Format Version 12.00
# Visual Studio Version 17
VisualStudioVersion = 17.5.33502.453
MinimumVisualStudioVersion = 10.0.40219.1
Project("{9A19103F-16F7-4668-BE54-9A1E7A4F7556}") = "HotelManagementAPI", "HotelManagementAPI\HotelManagementAPI.csproj", "{E305E2CC-D48A-45C6-A8F4-666786BFCBC1}"
EndProject
Project("{9A19103F-16F7-4668-BE54-9A1E7A4F7556}") = "BookingAPI", "BookingAPI\BookingAPI.csproj", "{45C94E15-991B-4BB8-B2B7-77C2C1782245}"
EndProject
Project("{FAE04EC0-301F-11D3-BF4B-00C04F79EFBC}") = "UserAPI", "UserAPI\UserAPI.csproj", "{1C6E1ADB-4579-4A43-953C-5AE7E470B91C}"
EndProject
Global
	GlobalSection(SolutionConfigurationPlatforms) = preSolution
		Debug|Any CPU = Debug|Any CPU
		Release|Any CPU = Release|Any CPU
	EndGlobalSection
	GlobalSection(ProjectConfigurationPlatforms) = postSolution
		{E305E2CC-D48A-45C6-A8F4-666786BFCBC1}.Debug|Any CPU.ActiveCfg = Debug|Any CPU
		{E305E2CC-D48A-45C6-A8F4-666786BFCBC1}.Debug|Any CPU.Build.0 = Debug|Any CPU
		{E305E2CC-D48A-45C6-A8F4-666786BFCBC1}.Release|Any CPU.ActiveCfg = Release|Any CPU
		{E305E2CC-D48A-45C6-A8F4-666786BFCBC1}.Release|Any CPU.Build.0 = Release|Any CPU
		{45C94E15-991B-4BB8-B2B7-77C2C1782245}.Debug|Any CPU.ActiveCfg = Debug|Any CPU
		{45C94E15-991B-4BB8-B2B7-77C2C1782245}.Debug|Any CPU.Build.0 = Debug|Any CPU
		{45C94E15-991B-4BB8-B2B7-77C2C1782245}.Release|Any CPU.ActiveCfg = Release|Any CPU
		{45C94E15-991B-4BB8-B2B7-77C2C1782245}.Release|Any CPU.Build.0 = Release|Any CPU
		{1C6E1ADB-4579-4A43-953C-5AE7E470B91C}.Debug|Any CPU.ActiveCfg = Debug|Any CPU
		{1C6E1ADB-4579-4A43-953C-5AE7E470B91C}.Debug|Any CPU.Build.0 = Debug|Any CPU
		{1C6E1ADB-4579-4A43-953C-5AE7E470B91C}.Release|Any CPU.ActiveCfg = Release|Any CPU
		{1C6E1ADB-4579-4A43-953C-5AE7E470B91C}.Release|Any CPU.Build.0 = Release|Any CPU
	EndGlobalSection
	GlobalSection(SolutionProperties) = preSolution
		HideSolutionNode = FALSE
	EndGlobalSection
	GlobalSection(ExtensibilityGlobals) = postSolution
		SolutionGuid = {BF56440C-179F-4992-B00F-BF3A626446C7}
	EndGlobalSection
EndGlobal
